{
    "name": "your-project-name",
    "version": "1.0.0",
    "lockfileVersion": 3,
    "requires": true,
    "packages": {
        "": {
            "name": "your-project-name",
            "version": "1.0.0",
            "license": "ISC",
            "dependencies": {
                "@dfinity/agent": "file:../agent-js/packages/agent"
            }
        },
        "../agent-js/packages/agent": {},
        "node_modules/@dfinity/agent": {
            "resolved": "../agent-js/packages/agent",
            "link": true
        }
    }
}
